
Microsoft Visual Studio Solution File, Format Version 12.00
# Visual Studio Version 16
VisualStudioVersion = 16.0.31025.194
MinimumVisualStudioVersion = 10.0.40219.1
Project("{9A19103F-16F7-4668-BE54-9A1E7A4F7556}") = "Entities", "Entities\Entities.csproj", "{6F335043-2743-4DBB-9F20-1CEB7E2C43AA}"
EndProject
Project("{9A19103F-16F7-4668-BE54-9A1E7A4F7556}") = "DataAccess", "DataAccess\DataAccess.csproj", "{3703C612-116E-4D1C-ACF1-D28CA456CECA}"
EndProject
Project("{9A19103F-16F7-4668-BE54-9A1E7A4F7556}") = "Business", "Business\Business.csproj", "{99A36A01-C740-4666-A6AE-99C9254538F5}"
EndProject
Project("{9A19103F-16F7-4668-BE54-9A1E7A4F7556}") = "ConsoleUI", "ConsoleUI\ConsoleUI.csproj", "{B4140F9F-E770-4150-BC68-5EA022700EA5}"
EndProject
Project("{FAE04EC0-301F-11D3-BF4B-00C04F79EFBC}") = "Core", "Core\Core.csproj", "{E97569B8-2A58-4AE9-ADE8-F984CA099176}"
EndProject
Global
	GlobalSection(SolutionConfigurationPlatforms) = preSolution
		Debug|Any CPU = Debug|Any CPU
		Release|Any CPU = Release|Any CPU
	EndGlobalSection
	GlobalSection(ProjectConfigurationPlatforms) = postSolution
		{6F335043-2743-4DBB-9F20-1CEB7E2C43AA}.Debug|Any CPU.ActiveCfg = Debug|Any CPU
		{6F335043-2743-4DBB-9F20-1CEB7E2C43AA}.Debug|Any CPU.Build.0 = Debug|Any CPU
		{6F335043-2743-4DBB-9F20-1CEB7E2C43AA}.Release|Any CPU.ActiveCfg = Release|Any CPU
		{6F335043-2743-4DBB-9F20-1CEB7E2C43AA}.Release|Any CPU.Build.0 = Release|Any CPU
		{3703C612-116E-4D1C-ACF1-D28CA456CECA}.Debug|Any CPU.ActiveCfg = Debug|Any CPU
		{3703C612-116E-4D1C-ACF1-D28CA456CECA}.Debug|Any CPU.Build.0 = Debug|Any CPU
		{3703C612-116E-4D1C-ACF1-D28CA456CECA}.Release|Any CPU.ActiveCfg = Release|Any CPU
		{3703C612-116E-4D1C-ACF1-D28CA456CECA}.Release|Any CPU.Build.0 = Release|Any CPU
		{99A36A01-C740-4666-A6AE-99C9254538F5}.Debug|Any CPU.ActiveCfg = Debug|Any CPU
		{99A36A01-C740-4666-A6AE-99C9254538F5}.Debug|Any CPU.Build.0 = Debug|Any CPU
		{99A36A01-C740-4666-A6AE-99C9254538F5}.Release|Any CPU.ActiveCfg = Release|Any CPU
		{99A36A01-C740-4666-A6AE-99C9254538F5}.Release|Any CPU.Build.0 = Release|Any CPU
		{B4140F9F-E770-4150-BC68-5EA022700EA5}.Debug|Any CPU.ActiveCfg = Debug|Any CPU
		{B4140F9F-E770-4150-BC68-5EA022700EA5}.Debug|Any CPU.Build.0 = Debug|Any CPU
		{B4140F9F-E770-4150-BC68-5EA022700EA5}.Release|Any CPU.ActiveCfg = Release|Any CPU
		{B4140F9F-E770-4150-BC68-5EA022700EA5}.Release|Any CPU.Build.0 = Release|Any CPU
		{E97569B8-2A58-4AE9-ADE8-F984CA099176}.Debug|Any CPU.ActiveCfg = Debug|Any CPU
		{E97569B8-2A58-4AE9-ADE8-F984CA099176}.Debug|Any CPU.Build.0 = Debug|Any CPU
		{E97569B8-2A58-4AE9-ADE8-F984CA099176}.Release|Any CPU.ActiveCfg = Release|Any CPU
		{E97569B8-2A58-4AE9-ADE8-F984CA099176}.Release|Any CPU.Build.0 = Release|Any CPU
	EndGlobalSection
	GlobalSection(SolutionProperties) = preSolution
		HideSolutionNode = FALSE
	EndGlobalSection
	GlobalSection(ExtensibilityGlobals) = postSolution
		SolutionGuid = {14BBA57A-7E00-4EE3-ABC5-7EF4324EB88A}
	EndGlobalSection
EndGlobal
